PODS:
  - ActionSheetPicker-3.0 (2.2.0)
  - AFNetworking (2.6.3):
    - AFNetworking/NSURLConnection (= 2.6.3)
    - AFNetworking/NSURLSession (= 2.6.3)
    - AFNetworking/Reachability (= 2.6.3)
    - AFNetworking/Security (= 2.6.3)
    - AFNetworking/Serialization (= 2.6.3)
    - AFNetworking/UIKit (= 2.6.3)
  - AFNetworking/NSURLConnection (2.6.3):
    - AFNetworking/Reachability
    - AFNetworking/Security
    - AFNetworking/Serialization
  - AFNetworking/NSURLSession (2.6.3):
    - AFNetworking/Reachability
    - AFNetworking/Security
    - AFNetworking/Serialization
  - AFNetworking/Reachability (2.6.3)
  - AFNetworking/Security (2.6.3)
  - AFNetworking/Serialization (2.6.3)
  - AFNetworking/UIKit (2.6.3):
    - AFNetworking/NSURLConnection
    - AFNetworking/NSURLSession
  - AWSCore (2.4.16)
  - AWSLambda (2.4.16):
    - AWSCore (= 2.4.16)
  - AWSSNS (2.4.16):
    - AWSCore (= 2.4.16)
  - CorePlot (2.2)
  - DLRadioButton (1.4.12)
  - OAuthSwift (1.2.2)
  - SwiftCharts (0.6.3)
  - SwiftyJSON (4.2.0)

DEPENDENCIES:
  - ActionSheetPicker-3.0 (~> 2.2.0)
  - AFNetworking (~> 2.5)
  - AWSCore (~> 2.4.7)
  - AWSLambda
  - AWSSNS
  - CorePlot (~> 2.1)
  - DLRadioButton (~> 1.4)
  - OAuthSwift (~> 1.2.0)
  - SwiftCharts (~> 0.6.3)
  - SwiftyJSON (from `https://github.com/SwiftyJSON/SwiftyJSON.git`)

SPEC REPOS:
  https://github.com/cocoapods/specs.git:
    - ActionSheetPicker-3.0
    - AFNetworking
    - AWSCore
    - AWSLambda
    - AWSSNS
    - CorePlot
    - DLRadioButton
    - OAuthSwift
    - SwiftCharts

EXTERNAL SOURCES:
  SwiftyJSON:
    :git: https://github.com/SwiftyJSON/SwiftyJSON.git

CHECKOUT OPTIONS:
  SwiftyJSON:
    :commit: 3f6f1d32df6e5f334593682b20bb829e48bffbee
    :git: https://github.com/SwiftyJSON/SwiftyJSON.git

SPEC CHECKSUMS:
  ActionSheetPicker-3.0: d11a4c12c6aaf704b8a3f56d179198c99f3e41e6
  AFNetworking: cb8d14a848e831097108418f5d49217339d4eb60
  AWSCore: 7c3c129991e6387bcbad7132bc3661e7135754db
  AWSLambda: 87ec46e9fc53409dcbe28b70a6ac86a27b87275b
  AWSSNS: f7eb9a5c19410e2a0164febc2cd665831c1cd26c
  CorePlot: cbe0c6e14220705e32e06a89c7d6a5a908b7d7d8
  DLRadioButton: d7c4e225ed0e8013cef7be61455230c7557ad7c1
  OAuthSwift: 27b34fe80b76b67cd8f45571e0be2432bc9f6de1
  SwiftCharts: 1535b5e228702af2c9c4d60c2a408f2f0f579fa8
  SwiftyJSON: c4bcba26dd9ec7a027fc8eade48e2c911f229e96

PODFILE CHECKSUM: 5ac58654db7aba841366196497cabcdad9c8437e

COCOAPODS: 1.5.3
