// !$*UTF8*$!
{
	archiveVersion = 1;
	classes = {
	};
	objectVersion = 46;
	objects = {

/* Begin PBXBuildFile section */
		580BAD7A1CEA1FF400E97414 /* DeviceViewController.swift in Sources */ = {isa = PBXBuildFile; fileRef = 580BAD791CEA1FF400E97414 /* DeviceViewController.swift */; };
		58157D341CEF5A0600740E09 /* deviceManager.swift in Sources */ = {isa = PBXBuildFile; fileRef = 58157D331CEF5A0600740E09 /* deviceManager.swift */; };
		581E66EA1CEA698F00CDEC4C /* Profile.storyboard in Resources */ = {isa = PBXBuildFile; fileRef = 581E66E91CEA698F00CDEC4C /* Profile.storyboard */; };
		581E66EC1CEBA06900CDEC4C /* MedicationsCell.swift in Sources */ = {isa = PBXBuildFile; fileRef = 581E66EB1CEBA06900CDEC4C /* MedicationsCell.swift */; };
		58BCFA141D47D7230041863D /* Message.swift in Sources */ = {isa = PBXBuildFile; fileRef = 58BCFA131D47D7230041863D /* Message.swift */; };
		58BCFA1A1D47DCD50041863D /* MessageTableViewCell.swift in Sources */ = {isa = PBXBuildFile; fileRef = 58BCFA191D47DCD50041863D /* MessageTableViewCell.swift */; };
		58FB772A1D6F8A06006B5A0A /* User.swift in Sources */ = {isa = PBXBuildFile; fileRef = 58FB77291D6F8A06006B5A0A /* User.swift */; };
		8407FBCB1D774E7700EF71E5 /* PieChart.swift in Sources */ = {isa = PBXBuildFile; fileRef = 8407FBCA1D774E7700EF71E5 /* PieChart.swift */; };
		847909741D30255E0040D187 /* Reachability.swift in Sources */ = {isa = PBXBuildFile; fileRef = 847909731D30255E0040D187 /* Reachability.swift */; };
		84C67CCF1D18736A00E5324A /* BaseViewController.swift in Sources */ = {isa = PBXBuildFile; fileRef = 84C67CCE1D18736900E5324A /* BaseViewController.swift */; };
		84C67CD11D18738600E5324A /* ChildViewController.swift in Sources */ = {isa = PBXBuildFile; fileRef = 84C67CD01D18738600E5324A /* ChildViewController.swift */; };
		84C67CD31D18739100E5324A /* MenuTableViewCell.swift in Sources */ = {isa = PBXBuildFile; fileRef = 84C67CD21D18739100E5324A /* MenuTableViewCell.swift */; };
		84C67CD51D18739D00E5324A /* TableViewMenuController.swift in Sources */ = {isa = PBXBuildFile; fileRef = 84C67CD41D18739D00E5324A /* TableViewMenuController.swift */; };
		84C67CD71D1873AB00E5324A /* ZFRippleButton.swift in Sources */ = {isa = PBXBuildFile; fileRef = 84C67CD61D1873AB00E5324A /* ZFRippleButton.swift */; };
		9C3FA62F60D2A59657A7CFC4 /* Pods_diaFit.framework in Frameworks */ = {isa = PBXBuildFile; fileRef = 582875D2D78CB043355C3571 /* Pods_diaFit.framework */; };
		DE0EF39F1CD2EB4500DC51BE /* LoginViewController.swift in Sources */ = {isa = PBXBuildFile; fileRef = DE0EF39E1CD2EB4500DC51BE /* LoginViewController.swift */; };
		DE0EF3A21CE1917700DC51BE /* Fitbit.storyboard in Resources */ = {isa = PBXBuildFile; fileRef = DE0EF3A01CE1917700DC51BE /* Fitbit.storyboard */; };
		DE0EF3A41CE1934500DC51BE /* FitbitAuthViewController.swift in Sources */ = {isa = PBXBuildFile; fileRef = DE0EF3A31CE1934500DC51BE /* FitbitAuthViewController.swift */; };
		DE2F44F91CC1529C00B4AEE5 /* Serving.swift in Sources */ = {isa = PBXBuildFile; fileRef = DE2F44F81CC1529C00B4AEE5 /* Serving.swift */; };
		DE2F44FC1CC5442300B4AEE5 /* Nutrition.storyboard in Resources */ = {isa = PBXBuildFile; fileRef = DE2F44FA1CC5442300B4AEE5 /* Nutrition.storyboard */; };
		DE2F44FF1CC5445500B4AEE5 /* HealthKit.storyboard in Resources */ = {isa = PBXBuildFile; fileRef = DE2F44FD1CC5445500B4AEE5 /* HealthKit.storyboard */; };
		DE2F45021CC544BE00B4AEE5 /* Glucometer.storyboard in Resources */ = {isa = PBXBuildFile; fileRef = DE2F45001CC544BE00B4AEE5 /* Glucometer.storyboard */; };
		DE2F450B1CC6964100B4AEE5 /* StepsViewController.swift in Sources */ = {isa = PBXBuildFile; fileRef = DE2F450A1CC6964100B4AEE5 /* StepsViewController.swift */; };
		DE2F450D1CC6969C00B4AEE5 /* HealthKit.framework in Frameworks */ = {isa = PBXBuildFile; fileRef = DE2F450C1CC6969C00B4AEE5 /* HealthKit.framework */; };
		DE2F45121CC697E600B4AEE5 /* HealthManager.swift in Sources */ = {isa = PBXBuildFile; fileRef = DE2F45111CC697E600B4AEE5 /* HealthManager.swift */; };
		DE48DFEB1CFE2B3C00F32AC6 /* FoodLogCell.swift in Sources */ = {isa = PBXBuildFile; fileRef = DE48DFEA1CFE2B3C00F32AC6 /* FoodLogCell.swift */; };
		DE4E6D311CF4A77100ADCC24 /* FoodLogViewController.swift in Sources */ = {isa = PBXBuildFile; fileRef = DE4E6D301CF4A77100ADCC24 /* FoodLogViewController.swift */; };
		DE4E6D331CF4C14600ADCC24 /* ReturnedFood.swift in Sources */ = {isa = PBXBuildFile; fileRef = DE4E6D321CF4C14600ADCC24 /* ReturnedFood.swift */; };
		DE63F0D81CBD42CB00D55AC3 /* ProfileViewController.swift in Sources */ = {isa = PBXBuildFile; fileRef = DE63F0D71CBD42CB00D55AC3 /* ProfileViewController.swift */; };
		DE63F0DD1CBD5F2100D55AC3 /* Nutrition.swift in Sources */ = {isa = PBXBuildFile; fileRef = DE63F0DC1CBD5F2100D55AC3 /* Nutrition.swift */; };
		DE9C611C1CB6B09C00E046FB /* AppDelegate.swift in Sources */ = {isa = PBXBuildFile; fileRef = DE9C611B1CB6B09C00E046FB /* AppDelegate.swift */; };
		DE9C611E1CB6B09C00E046FB /* ViewController.swift in Sources */ = {isa = PBXBuildFile; fileRef = DE9C611D1CB6B09C00E046FB /* ViewController.swift */; };
		DE9C61211CB6B09C00E046FB /* Main.storyboard in Resources */ = {isa = PBXBuildFile; fileRef = DE9C611F1CB6B09C00E046FB /* Main.storyboard */; };
		DE9C61231CB6B09C00E046FB /* Assets.xcassets in Resources */ = {isa = PBXBuildFile; fileRef = DE9C61221CB6B09C00E046FB /* Assets.xcassets */; };
		DE9C61261CB6B09C00E046FB /* LaunchScreen.storyboard in Resources */ = {isa = PBXBuildFile; fileRef = DE9C61241CB6B09C00E046FB /* LaunchScreen.storyboard */; };
		DE9C61361CB6B91300E046FB /* Food.swift in Sources */ = {isa = PBXBuildFile; fileRef = DE9C61351CB6B91300E046FB /* Food.swift */; };
		DE9C61391CB6C08500E046FB /* FoodCell.swift in Sources */ = {isa = PBXBuildFile; fileRef = DE9C61381CB6C08500E046FB /* FoodCell.swift */; };
		DE9C61411CB6F99100E046FB /* NDBDetailViewController.swift in Sources */ = {isa = PBXBuildFile; fileRef = DE9C61401CB6F99100E046FB /* NDBDetailViewController.swift */; };
		DE9C61451CB823D000E046FB /* AuthViewController.swift in Sources */ = {isa = PBXBuildFile; fileRef = DE9C61441CB823D000E046FB /* AuthViewController.swift */; };
/* End PBXBuildFile section */

/* Begin PBXFileReference section */
		2831E7E3FE507CA1D4D9BB5D /* Pods-diaFit.debug.xcconfig */ = {isa = PBXFileReference; includeInIndex = 1; lastKnownFileType = text.xcconfig; name = "Pods-diaFit.debug.xcconfig"; path = "Pods/Target Support Files/Pods-diaFit/Pods-diaFit.debug.xcconfig"; sourceTree = "<group>"; };
		580BAD791CEA1FF400E97414 /* DeviceViewController.swift */ = {isa = PBXFileReference; fileEncoding = 4; lastKnownFileType = sourcecode.swift; path = DeviceViewController.swift; sourceTree = "<group>"; };
		58157D331CEF5A0600740E09 /* deviceManager.swift */ = {isa = PBXFileReference; fileEncoding = 4; lastKnownFileType = sourcecode.swift; path = deviceManager.swift; sourceTree = "<group>"; };
		581E66E91CEA698F00CDEC4C /* Profile.storyboard */ = {isa = PBXFileReference; fileEncoding = 4; lastKnownFileType = file.storyboard; path = Profile.storyboard; sourceTree = "<group>"; };
		581E66EB1CEBA06900CDEC4C /* MedicationsCell.swift */ = {isa = PBXFileReference; fileEncoding = 4; lastKnownFileType = sourcecode.swift; path = MedicationsCell.swift; sourceTree = "<group>"; };
		582875D2D78CB043355C3571 /* Pods_diaFit.framework */ = {isa = PBXFileReference; explicitFileType = wrapper.framework; includeInIndex = 0; path = Pods_diaFit.framework; sourceTree = BUILT_PRODUCTS_DIR; };
		58BCFA131D47D7230041863D /* Message.swift */ = {isa = PBXFileReference; fileEncoding = 4; lastKnownFileType = sourcecode.swift; path = Message.swift; sourceTree = "<group>"; };
		58BCFA191D47DCD50041863D /* MessageTableViewCell.swift */ = {isa = PBXFileReference; fileEncoding = 4; lastKnownFileType = sourcecode.swift; path = MessageTableViewCell.swift; sourceTree = "<group>"; };
		58FB77291D6F8A06006B5A0A /* User.swift */ = {isa = PBXFileReference; fileEncoding = 4; lastKnownFileType = sourcecode.swift; path = User.swift; sourceTree = "<group>"; };
		8407FBCA1D774E7700EF71E5 /* PieChart.swift */ = {isa = PBXFileReference; fileEncoding = 4; lastKnownFileType = sourcecode.swift; path = PieChart.swift; sourceTree = "<group>"; };
		847909731D30255E0040D187 /* Reachability.swift */ = {isa = PBXFileReference; fileEncoding = 4; lastKnownFileType = sourcecode.swift; path = Reachability.swift; sourceTree = "<group>"; };
		84C67CCE1D18736900E5324A /* BaseViewController.swift */ = {isa = PBXFileReference; fileEncoding = 4; lastKnownFileType = sourcecode.swift; name = BaseViewController.swift; path = "Swift-Slide-Menu/BaseViewController.swift"; sourceTree = "<group>"; };
		84C67CD01D18738600E5324A /* ChildViewController.swift */ = {isa = PBXFileReference; fileEncoding = 4; lastKnownFileType = sourcecode.swift; name = ChildViewController.swift; path = "Swift-Slide-Menu/ChildViewController.swift"; sourceTree = "<group>"; };
		84C67CD21D18739100E5324A /* MenuTableViewCell.swift */ = {isa = PBXFileReference; fileEncoding = 4; lastKnownFileType = sourcecode.swift; name = MenuTableViewCell.swift; path = "Swift-Slide-Menu/MenuTableViewCell.swift"; sourceTree = "<group>"; };
		84C67CD41D18739D00E5324A /* TableViewMenuController.swift */ = {isa = PBXFileReference; fileEncoding = 4; lastKnownFileType = sourcecode.swift; name = TableViewMenuController.swift; path = "Swift-Slide-Menu/TableViewMenuController.swift"; sourceTree = "<group>"; };
		84C67CD61D1873AB00E5324A /* ZFRippleButton.swift */ = {isa = PBXFileReference; fileEncoding = 4; lastKnownFileType = sourcecode.swift; name = ZFRippleButton.swift; path = "Swift-Slide-Menu/ZFRippleButton.swift"; sourceTree = "<group>"; };
		DE0EF39E1CD2EB4500DC51BE /* LoginViewController.swift */ = {isa = PBXFileReference; fileEncoding = 4; lastKnownFileType = sourcecode.swift; path = LoginViewController.swift; sourceTree = "<group>"; };
		DE0EF3A11CE1917700DC51BE /* Base */ = {isa = PBXFileReference; lastKnownFileType = file.storyboard; name = Base; path = Base.lproj/Fitbit.storyboard; sourceTree = "<group>"; };
		DE0EF3A31CE1934500DC51BE /* FitbitAuthViewController.swift */ = {isa = PBXFileReference; fileEncoding = 4; lastKnownFileType = sourcecode.swift; path = FitbitAuthViewController.swift; sourceTree = "<group>"; };
		DE2F44F81CC1529C00B4AEE5 /* Serving.swift */ = {isa = PBXFileReference; fileEncoding = 4; lastKnownFileType = sourcecode.swift; path = Serving.swift; sourceTree = "<group>"; };
		DE2F44FB1CC5442300B4AEE5 /* Base */ = {isa = PBXFileReference; lastKnownFileType = file.storyboard; name = Base; path = Base.lproj/Nutrition.storyboard; sourceTree = "<group>"; };
		DE2F44FE1CC5445500B4AEE5 /* Base */ = {isa = PBXFileReference; lastKnownFileType = file.storyboard; name = Base; path = Base.lproj/HealthKit.storyboard; sourceTree = "<group>"; };
		DE2F45011CC544BE00B4AEE5 /* Base */ = {isa = PBXFileReference; lastKnownFileType = file.storyboard; name = Base; path = Base.lproj/Glucometer.storyboard; sourceTree = "<group>"; };
		DE2F450A1CC6964100B4AEE5 /* StepsViewController.swift */ = {isa = PBXFileReference; fileEncoding = 4; lastKnownFileType = sourcecode.swift; path = StepsViewController.swift; sourceTree = "<group>"; };
		DE2F450C1CC6969C00B4AEE5 /* HealthKit.framework */ = {isa = PBXFileReference; lastKnownFileType = wrapper.framework; name = HealthKit.framework; path = System/Library/Frameworks/HealthKit.framework; sourceTree = SDKROOT; };
		DE2F450E1CC6969C00B4AEE5 /* diaFit.entitlements */ = {isa = PBXFileReference; lastKnownFileType = text.xml; path = diaFit.entitlements; sourceTree = "<group>"; };
		DE2F45111CC697E600B4AEE5 /* HealthManager.swift */ = {isa = PBXFileReference; fileEncoding = 4; lastKnownFileType = sourcecode.swift; path = HealthManager.swift; sourceTree = "<group>"; };
		DE48DFEA1CFE2B3C00F32AC6 /* FoodLogCell.swift */ = {isa = PBXFileReference; fileEncoding = 4; lastKnownFileType = sourcecode.swift; path = FoodLogCell.swift; sourceTree = "<group>"; };
		DE4E6D301CF4A77100ADCC24 /* FoodLogViewController.swift */ = {isa = PBXFileReference; fileEncoding = 4; lastKnownFileType = sourcecode.swift; path = FoodLogViewController.swift; sourceTree = "<group>"; };
		DE4E6D321CF4C14600ADCC24 /* ReturnedFood.swift */ = {isa = PBXFileReference; fileEncoding = 4; lastKnownFileType = sourcecode.swift; path = ReturnedFood.swift; sourceTree = "<group>"; };
		DE63F0D71CBD42CB00D55AC3 /* ProfileViewController.swift */ = {isa = PBXFileReference; fileEncoding = 4; lastKnownFileType = sourcecode.swift; path = ProfileViewController.swift; sourceTree = "<group>"; };
		DE63F0DC1CBD5F2100D55AC3 /* Nutrition.swift */ = {isa = PBXFileReference; fileEncoding = 4; lastKnownFileType = sourcecode.swift; path = Nutrition.swift; sourceTree = "<group>"; };
		DE9C61181CB6B09C00E046FB /* diaFit.app */ = {isa = PBXFileReference; explicitFileType = wrapper.application; includeInIndex = 0; path = diaFit.app; sourceTree = BUILT_PRODUCTS_DIR; };
		DE9C611B1CB6B09C00E046FB /* AppDelegate.swift */ = {isa = PBXFileReference; lastKnownFileType = sourcecode.swift; path = AppDelegate.swift; sourceTree = "<group>"; };
		DE9C611D1CB6B09C00E046FB /* ViewController.swift */ = {isa = PBXFileReference; lastKnownFileType = sourcecode.swift; path = ViewController.swift; sourceTree = "<group>"; };
		DE9C61201CB6B09C00E046FB /* Base */ = {isa = PBXFileReference; lastKnownFileType = file.storyboard; name = Base; path = Base.lproj/Main.storyboard; sourceTree = "<group>"; };
		DE9C61221CB6B09C00E046FB /* Assets.xcassets */ = {isa = PBXFileReference; lastKnownFileType = folder.assetcatalog; path = Assets.xcassets; sourceTree = "<group>"; };
		DE9C61251CB6B09C00E046FB /* Base */ = {isa = PBXFileReference; lastKnownFileType = file.storyboard; name = Base; path = Base.lproj/LaunchScreen.storyboard; sourceTree = "<group>"; };
		DE9C61271CB6B09C00E046FB /* Info.plist */ = {isa = PBXFileReference; lastKnownFileType = text.plist.xml; path = Info.plist; sourceTree = "<group>"; };
		DE9C61351CB6B91300E046FB /* Food.swift */ = {isa = PBXFileReference; fileEncoding = 4; lastKnownFileType = sourcecode.swift; path = Food.swift; sourceTree = "<group>"; };
		DE9C61381CB6C08500E046FB /* FoodCell.swift */ = {isa = PBXFileReference; fileEncoding = 4; lastKnownFileType = sourcecode.swift; path = FoodCell.swift; sourceTree = "<group>"; };
		DE9C61401CB6F99100E046FB /* NDBDetailViewController.swift */ = {isa = PBXFileReference; fileEncoding = 4; lastKnownFileType = sourcecode.swift; path = NDBDetailViewController.swift; sourceTree = "<group>"; };
		DE9C61441CB823D000E046FB /* AuthViewController.swift */ = {isa = PBXFileReference; fileEncoding = 4; lastKnownFileType = sourcecode.swift; name = AuthViewController.swift; path = ../AuthViewController.swift; sourceTree = "<group>"; };
		F1A61BBB9786E9905357BDF9 /* Pods-diaFit.release.xcconfig */ = {isa = PBXFileReference; includeInIndex = 1; lastKnownFileType = text.xcconfig; name = "Pods-diaFit.release.xcconfig"; path = "Pods/Target Support Files/Pods-diaFit/Pods-diaFit.release.xcconfig"; sourceTree = "<group>"; };
/* End PBXFileReference section */

/* Begin PBXFrameworksBuildPhase section */
		DE9C61151CB6B09C00E046FB /* Frameworks */ = {
			isa = PBXFrameworksBuildPhase;
			buildActionMask = 2147483647;
			files = (
				DE2F450D1CC6969C00B4AEE5 /* HealthKit.framework in Frameworks */,
				9C3FA62F60D2A59657A7CFC4 /* Pods_diaFit.framework in Frameworks */,
			);
			runOnlyForDeploymentPostprocessing = 0;
		};
/* End PBXFrameworksBuildPhase section */

/* Begin PBXGroup section */
		6C8427E79267D603C3F03104 /* Frameworks */ = {
			isa = PBXGroup;
			children = (
				DE2F450C1CC6969C00B4AEE5 /* HealthKit.framework */,
				582875D2D78CB043355C3571 /* Pods_diaFit.framework */,
			);
			name = Frameworks;
			sourceTree = "<group>";
		};
		84C67CD81D18750A00E5324A /* Menu */ = {
			isa = PBXGroup;
			children = (
				84C67CCE1D18736900E5324A /* BaseViewController.swift */,
				84C67CD01D18738600E5324A /* ChildViewController.swift */,
				84C67CD21D18739100E5324A /* MenuTableViewCell.swift */,
				84C67CD61D1873AB00E5324A /* ZFRippleButton.swift */,
				84C67CD41D18739D00E5324A /* TableViewMenuController.swift */,
			);
			name = Menu;
			sourceTree = "<group>";
		};
		AA8E85ED1CB3F84FA34690F0 /* Pods */ = {
			isa = PBXGroup;
			children = (
				2831E7E3FE507CA1D4D9BB5D /* Pods-diaFit.debug.xcconfig */,
				F1A61BBB9786E9905357BDF9 /* Pods-diaFit.release.xcconfig */,
			);
			name = Pods;
			sourceTree = "<group>";
		};
		DE9C610F1CB6B09C00E046FB = {
			isa = PBXGroup;
			children = (
				DE9C611A1CB6B09C00E046FB /* diaFit */,
				DE9C61191CB6B09C00E046FB /* Products */,
				6C8427E79267D603C3F03104 /* Frameworks */,
				AA8E85ED1CB3F84FA34690F0 /* Pods */,
			);
			sourceTree = "<group>";
		};
		DE9C61191CB6B09C00E046FB /* Products */ = {
			isa = PBXGroup;
			children = (
				DE9C61181CB6B09C00E046FB /* diaFit.app */,
			);
			name = Products;
			sourceTree = "<group>";
		};
		DE9C611A1CB6B09C00E046FB /* diaFit */ = {
			isa = PBXGroup;
			children = (
				DE2F450E1CC6969C00B4AEE5 /* diaFit.entitlements */,
				84C67CD81D18750A00E5324A /* Menu */,
				DE9C61371CB6C05300E046FB /* Cells */,
				DE9C61321CB6B89A00E046FB /* Models */,
				DE9C612D1CB6B17B00E046FB /* ViewControllers */,
				DE9C611B1CB6B09C00E046FB /* AppDelegate.swift */,
				847909731D30255E0040D187 /* Reachability.swift */,
				DE9C611F1CB6B09C00E046FB /* Main.storyboard */,
				DE0EF3A01CE1917700DC51BE /* Fitbit.storyboard */,
				DE2F45001CC544BE00B4AEE5 /* Glucometer.storyboard */,
				DE2F44FD1CC5445500B4AEE5 /* HealthKit.storyboard */,
				DE2F44FA1CC5442300B4AEE5 /* Nutrition.storyboard */,
				DE9C61221CB6B09C00E046FB /* Assets.xcassets */,
				DE9C61241CB6B09C00E046FB /* LaunchScreen.storyboard */,
				DE9C61271CB6B09C00E046FB /* Info.plist */,
				DE2F45111CC697E600B4AEE5 /* HealthManager.swift */,
				581E66E91CEA698F00CDEC4C /* Profile.storyboard */,
			);
			path = diaFit;
			sourceTree = "<group>";
		};
		DE9C612D1CB6B17B00E046FB /* ViewControllers */ = {
			isa = PBXGroup;
			children = (
				DE9C611D1CB6B09C00E046FB /* ViewController.swift */,
				DE9C61401CB6F99100E046FB /* NDBDetailViewController.swift */,
				DE9C61441CB823D000E046FB /* AuthViewController.swift */,
				DE63F0D71CBD42CB00D55AC3 /* ProfileViewController.swift */,
				DE2F450A1CC6964100B4AEE5 /* StepsViewController.swift */,
				DE0EF39E1CD2EB4500DC51BE /* LoginViewController.swift */,
				580BAD791CEA1FF400E97414 /* DeviceViewController.swift */,
				DE0EF3A31CE1934500DC51BE /* FitbitAuthViewController.swift */,
				DE4E6D301CF4A77100ADCC24 /* FoodLogViewController.swift */,
			);
			name = ViewControllers;
			sourceTree = "<group>";
		};
		DE9C61321CB6B89A00E046FB /* Models */ = {
			isa = PBXGroup;
			children = (
				8407FBCA1D774E7700EF71E5 /* PieChart.swift */,
				58FB77291D6F8A06006B5A0A /* User.swift */,
				58BCFA131D47D7230041863D /* Message.swift */,
				DE9C61351CB6B91300E046FB /* Food.swift */,
				DE63F0DC1CBD5F2100D55AC3 /* Nutrition.swift */,
				DE2F44F81CC1529C00B4AEE5 /* Serving.swift */,
				58157D331CEF5A0600740E09 /* deviceManager.swift */,
				DE4E6D321CF4C14600ADCC24 /* ReturnedFood.swift */,
			);
			name = Models;
			sourceTree = "<group>";
		};
		DE9C61371CB6C05300E046FB /* Cells */ = {
			isa = PBXGroup;
			children = (
				58BCFA191D47DCD50041863D /* MessageTableViewCell.swift */,
				DE9C61381CB6C08500E046FB /* FoodCell.swift */,
				581E66EB1CEBA06900CDEC4C /* MedicationsCell.swift */,
				DE48DFEA1CFE2B3C00F32AC6 /* FoodLogCell.swift */,
			);
			name = Cells;
			sourceTree = "<group>";
		};
/* End PBXGroup section */

/* Begin PBXNativeTarget section */
		DE9C61171CB6B09C00E046FB /* diaFit */ = {
			isa = PBXNativeTarget;
			buildConfigurationList = DE9C612A1CB6B09C00E046FB /* Build configuration list for PBXNativeTarget "diaFit" */;
			buildPhases = (
				AC4EBA54EF16B419C75A749D /* [CP] Check Pods Manifest.lock */,
				DE9C61141CB6B09C00E046FB /* Sources */,
				DE9C61151CB6B09C00E046FB /* Frameworks */,
				DE9C61161CB6B09C00E046FB /* Resources */,
				6392165ED65D29D6DF972885 /* [CP] Embed Pods Frameworks */,
				777E74D76D97FDF5CE4E38BD /* [CP] Copy Pods Resources */,
			);
			buildRules = (
			);
			dependencies = (
			);
			name = diaFit;
			productName = diaFit;
			productReference = DE9C61181CB6B09C00E046FB /* diaFit.app */;
			productType = "com.apple.product-type.application";
		};
/* End PBXNativeTarget section */

/* Begin PBXProject section */
		DE9C61101CB6B09C00E046FB /* Project object */ = {
			isa = PBXProject;
			attributes = {
				LastSwiftUpdateCheck = 0720;
				LastUpgradeCheck = 0800;
				ORGANIZATIONNAME = "Liang,Franky Z";
				TargetAttributes = {
					DE9C61171CB6B09C00E046FB = {
						CreatedOnToolsVersion = 7.2;
						DevelopmentTeam = M2P83EA3A5;
						LastSwiftMigration = 0800;
						SystemCapabilities = {
							com.apple.HealthKit = {
								enabled = 1;
							};
						};
					};
				};
			};
			buildConfigurationList = DE9C61131CB6B09C00E046FB /* Build configuration list for PBXProject "diaFit" */;
			compatibilityVersion = "Xcode 3.2";
			developmentRegion = English;
			hasScannedForEncodings = 0;
			knownRegions = (
				en,
				Base,
			);
			mainGroup = DE9C610F1CB6B09C00E046FB;
			productRefGroup = DE9C61191CB6B09C00E046FB /* Products */;
			projectDirPath = "";
			projectRoot = "";
			targets = (
				DE9C61171CB6B09C00E046FB /* diaFit */,
			);
		};
/* End PBXProject section */

/* Begin PBXResourcesBuildPhase section */
		DE9C61161CB6B09C00E046FB /* Resources */ = {
			isa = PBXResourcesBuildPhase;
			buildActionMask = 2147483647;
			files = (
				DE0EF3A21CE1917700DC51BE /* Fitbit.storyboard in Resources */,
				DE9C61261CB6B09C00E046FB /* LaunchScreen.storyboard in Resources */,
				DE9C61231CB6B09C00E046FB /* Assets.xcassets in Resources */,
				581E66EA1CEA698F00CDEC4C /* Profile.storyboard in Resources */,
				DE2F44FF1CC5445500B4AEE5 /* HealthKit.storyboard in Resources */,
				DE2F45021CC544BE00B4AEE5 /* Glucometer.storyboard in Resources */,
				DE9C61211CB6B09C00E046FB /* Main.storyboard in Resources */,
				DE2F44FC1CC5442300B4AEE5 /* Nutrition.storyboard in Resources */,
			);
			runOnlyForDeploymentPostprocessing = 0;
		};
/* End PBXResourcesBuildPhase section */

/* Begin PBXShellScriptBuildPhase section */
		6392165ED65D29D6DF972885 /* [CP] Embed Pods Frameworks */ = {
			isa = PBXShellScriptBuildPhase;
			buildActionMask = 2147483647;
			files = (
			);
			inputPaths = (
			);
			name = "[CP] Embed Pods Frameworks";
			outputPaths = (
			);
			runOnlyForDeploymentPostprocessing = 0;
			shellPath = /bin/sh;
			shellScript = "\"${SRCROOT}/Pods/Target Support Files/Pods-diaFit/Pods-diaFit-frameworks.sh\"\n";
			showEnvVarsInLog = 0;
		};
		777E74D76D97FDF5CE4E38BD /* [CP] Copy Pods Resources */ = {
			isa = PBXShellScriptBuildPhase;
			buildActionMask = 2147483647;
			files = (
			);
			inputPaths = (
			);
			name = "[CP] Copy Pods Resources";
			outputPaths = (
			);
			runOnlyForDeploymentPostprocessing = 0;
			shellPath = /bin/sh;
			shellScript = "\"${SRCROOT}/Pods/Target Support Files/Pods-diaFit/Pods-diaFit-resources.sh\"\n";
			showEnvVarsInLog = 0;
		};
		AC4EBA54EF16B419C75A749D /* [CP] Check Pods Manifest.lock */ = {
			isa = PBXShellScriptBuildPhase;
			buildActionMask = 2147483647;
			files = (
			);
			inputPaths = (
			);
			name = "[CP] Check Pods Manifest.lock";
			outputPaths = (
			);
			runOnlyForDeploymentPostprocessing = 0;
			shellPath = /bin/sh;
			shellScript = "diff \"${PODS_ROOT}/../Podfile.lock\" \"${PODS_ROOT}/Manifest.lock\" > /dev/null\nif [[ $? != 0 ]] ; then\n    cat << EOM\nerror: The sandbox is not in sync with the Podfile.lock. Run 'pod install' or update your CocoaPods installation.\nEOM\n    exit 1\nfi\n";
			showEnvVarsInLog = 0;
		};
/* End PBXShellScriptBuildPhase section */

/* Begin PBXSourcesBuildPhase section */
		DE9C61141CB6B09C00E046FB /* Sources */ = {
			isa = PBXSourcesBuildPhase;
			buildActionMask = 2147483647;
			files = (
				DE48DFEB1CFE2B3C00F32AC6 /* FoodLogCell.swift in Sources */,
				DE9C611E1CB6B09C00E046FB /* ViewController.swift in Sources */,
				84C67CD51D18739D00E5324A /* TableViewMenuController.swift in Sources */,
				58BCFA141D47D7230041863D /* Message.swift in Sources */,
				DE9C61411CB6F99100E046FB /* NDBDetailViewController.swift in Sources */,
				DE9C61361CB6B91300E046FB /* Food.swift in Sources */,
				58157D341CEF5A0600740E09 /* deviceManager.swift in Sources */,
				84C67CCF1D18736A00E5324A /* BaseViewController.swift in Sources */,
				DE9C61451CB823D000E046FB /* AuthViewController.swift in Sources */,
				581E66EC1CEBA06900CDEC4C /* MedicationsCell.swift in Sources */,
				DE9C61391CB6C08500E046FB /* FoodCell.swift in Sources */,
				58FB772A1D6F8A06006B5A0A /* User.swift in Sources */,
				DE9C611C1CB6B09C00E046FB /* AppDelegate.swift in Sources */,
				DE2F44F91CC1529C00B4AEE5 /* Serving.swift in Sources */,
				DE2F450B1CC6964100B4AEE5 /* StepsViewController.swift in Sources */,
				84C67CD31D18739100E5324A /* MenuTableViewCell.swift in Sources */,
				580BAD7A1CEA1FF400E97414 /* DeviceViewController.swift in Sources */,
				DE63F0D81CBD42CB00D55AC3 /* ProfileViewController.swift in Sources */,
				84C67CD11D18738600E5324A /* ChildViewController.swift in Sources */,
				DE2F45121CC697E600B4AEE5 /* HealthManager.swift in Sources */,
				8407FBCB1D774E7700EF71E5 /* PieChart.swift in Sources */,
				84C67CD71D1873AB00E5324A /* ZFRippleButton.swift in Sources */,
				DE4E6D311CF4A77100ADCC24 /* FoodLogViewController.swift in Sources */,
				DE0EF39F1CD2EB4500DC51BE /* LoginViewController.swift in Sources */,
				58BCFA1A1D47DCD50041863D /* MessageTableViewCell.swift in Sources */,
				DE0EF3A41CE1934500DC51BE /* FitbitAuthViewController.swift in Sources */,
				847909741D30255E0040D187 /* Reachability.swift in Sources */,
				DE4E6D331CF4C14600ADCC24 /* ReturnedFood.swift in Sources */,
				DE63F0DD1CBD5F2100D55AC3 /* Nutrition.swift in Sources */,
			);
			runOnlyForDeploymentPostprocessing = 0;
		};
/* End PBXSourcesBuildPhase section */

/* Begin PBXVariantGroup section */
		DE0EF3A01CE1917700DC51BE /* Fitbit.storyboard */ = {
			isa = PBXVariantGroup;
			children = (
				DE0EF3A11CE1917700DC51BE /* Base */,
			);
			name = Fitbit.storyboard;
			sourceTree = "<group>";
		};
		DE2F44FA1CC5442300B4AEE5 /* Nutrition.storyboard */ = {
			isa = PBXVariantGroup;
			children = (
				DE2F44FB1CC5442300B4AEE5 /* Base */,
			);
			name = Nutrition.storyboard;
			sourceTree = "<group>";
		};
		DE2F44FD1CC5445500B4AEE5 /* HealthKit.storyboard */ = {
			isa = PBXVariantGroup;
			children = (
				DE2F44FE1CC5445500B4AEE5 /* Base */,
			);
			name = HealthKit.storyboard;
			sourceTree = "<group>";
		};
		DE2F45001CC544BE00B4AEE5 /* Glucometer.storyboard */ = {
			isa = PBXVariantGroup;
			children = (
				DE2F45011CC544BE00B4AEE5 /* Base */,
			);
			name = Glucometer.storyboard;
			sourceTree = "<group>";
		};
		DE9C611F1CB6B09C00E046FB /* Main.storyboard */ = {
			isa = PBXVariantGroup;
			children = (
				DE9C61201CB6B09C00E046FB /* Base */,
			);
			name = Main.storyboard;
			sourceTree = "<group>";
		};
		DE9C61241CB6B09C00E046FB /* LaunchScreen.storyboard */ = {
			isa = PBXVariantGroup;
			children = (
				DE9C61251CB6B09C00E046FB /* Base */,
			);
			name = LaunchScreen.storyboard;
			sourceTree = "<group>";
		};
/* End PBXVariantGroup section */

/* Begin XCBuildConfiguration section */
		DE9C61281CB6B09C00E046FB /* Debug */ = {
			isa = XCBuildConfiguration;
			buildSettings = {
				ALWAYS_SEARCH_USER_PATHS = YES;
				CLANG_CXX_LANGUAGE_STANDARD = "gnu++0x";
				CLANG_CXX_LIBRARY = "libc++";
				CLANG_ENABLE_MODULES = YES;
				CLANG_ENABLE_OBJC_ARC = YES;
				CLANG_WARN_BOOL_CONVERSION = YES;
				CLANG_WARN_CONSTANT_CONVERSION = YES;
				CLANG_WARN_DIRECT_OBJC_ISA_USAGE = YES_ERROR;
				CLANG_WARN_EMPTY_BODY = YES;
				CLANG_WARN_ENUM_CONVERSION = YES;
				CLANG_WARN_INFINITE_RECURSION = YES;
				CLANG_WARN_INT_CONVERSION = YES;
				CLANG_WARN_OBJC_ROOT_CLASS = YES_ERROR;
				CLANG_WARN_SUSPICIOUS_MOVE = YES;
				CLANG_WARN_UNREACHABLE_CODE = YES;
				CLANG_WARN__DUPLICATE_METHOD_MATCH = YES;
				"CODE_SIGN_IDENTITY[sdk=iphoneos*]" = "iPhone Developer";
				COPY_PHASE_STRIP = NO;
				DEBUG_INFORMATION_FORMAT = dwarf;
				ENABLE_STRICT_OBJC_MSGSEND = YES;
				ENABLE_TESTABILITY = YES;
				GCC_C_LANGUAGE_STANDARD = gnu99;
				GCC_DYNAMIC_NO_PIC = NO;
				GCC_NO_COMMON_BLOCKS = YES;
				GCC_OPTIMIZATION_LEVEL = 0;
				GCC_PREPROCESSOR_DEFINITIONS = (
					"DEBUG=1",
					"$(inherited)",
				);
				GCC_WARN_64_TO_32_BIT_CONVERSION = YES;
				GCC_WARN_ABOUT_RETURN_TYPE = YES_ERROR;
				GCC_WARN_UNDECLARED_SELECTOR = YES;
				GCC_WARN_UNINITIALIZED_AUTOS = YES_AGGRESSIVE;
				GCC_WARN_UNUSED_FUNCTION = YES;
				GCC_WARN_UNUSED_VARIABLE = YES;
				IPHONEOS_DEPLOYMENT_TARGET = 9.2;
				MTL_ENABLE_DEBUG_INFO = YES;
				ONLY_ACTIVE_ARCH = YES;
				SDKROOT = iphoneos;
				SWIFT_OPTIMIZATION_LEVEL = "-Onone";
				TARGETED_DEVICE_FAMILY = "1,2";
			};
			name = Debug;
		};
		DE9C61291CB6B09C00E046FB /* Release */ = {
			isa = XCBuildConfiguration;
			buildSettings = {
				ALWAYS_SEARCH_USER_PATHS = YES;
				CLANG_CXX_LANGUAGE_STANDARD = "gnu++0x";
				CLANG_CXX_LIBRARY = "libc++";
				CLANG_ENABLE_MODULES = YES;
				CLANG_ENABLE_OBJC_ARC = YES;
				CLANG_WARN_BOOL_CONVERSION = YES;
				CLANG_WARN_CONSTANT_CONVERSION = YES;
				CLANG_WARN_DIRECT_OBJC_ISA_USAGE = YES_ERROR;
				CLANG_WARN_EMPTY_BODY = YES;
				CLANG_WARN_ENUM_CONVERSION = YES;
				CLANG_WARN_INFINITE_RECURSION = YES;
				CLANG_WARN_INT_CONVERSION = YES;
				CLANG_WARN_OBJC_ROOT_CLASS = YES_ERROR;
				CLANG_WARN_SUSPICIOUS_MOVE = YES;
				CLANG_WARN_UNREACHABLE_CODE = YES;
				CLANG_WARN__DUPLICATE_METHOD_MATCH = YES;
				"CODE_SIGN_IDENTITY[sdk=iphoneos*]" = "iPhone Developer";
				COPY_PHASE_STRIP = NO;
				DEBUG_INFORMATION_FORMAT = "dwarf-with-dsym";
				ENABLE_NS_ASSERTIONS = NO;
				ENABLE_STRICT_OBJC_MSGSEND = YES;
				GCC_C_LANGUAGE_STANDARD = gnu99;
				GCC_NO_COMMON_BLOCKS = YES;
				GCC_WARN_64_TO_32_BIT_CONVERSION = YES;
				GCC_WARN_ABOUT_RETURN_TYPE = YES_ERROR;
				GCC_WARN_UNDECLARED_SELECTOR = YES;
				GCC_WARN_UNINITIALIZED_AUTOS = YES_AGGRESSIVE;
				GCC_WARN_UNUSED_FUNCTION = YES;
				GCC_WARN_UNUSED_VARIABLE = YES;
				IPHONEOS_DEPLOYMENT_TARGET = 9.2;
				MTL_ENABLE_DEBUG_INFO = NO;
				SDKROOT = iphoneos;
				SWIFT_OPTIMIZATION_LEVEL = "-Owholemodule";
				TARGETED_DEVICE_FAMILY = "1,2";
				VALIDATE_PRODUCT = YES;
			};
			name = Release;
		};
		DE9C612B1CB6B09C00E046FB /* Debug */ = {
			isa = XCBuildConfiguration;
			baseConfigurationReference = 2831E7E3FE507CA1D4D9BB5D /* Pods-diaFit.debug.xcconfig */;
			buildSettings = {
				ALWAYS_EMBED_SWIFT_STANDARD_LIBRARIES = YES;
				ASSETCATALOG_COMPILER_APPICON_NAME = AppIcon;
				CODE_SIGN_ENTITLEMENTS = diaFit/diaFit.entitlements;
				"CODE_SIGN_ENTITLEMENTS[sdk=*]" = diaFit/diaFit.entitlements;
				CODE_SIGN_IDENTITY = "iPhone Developer";
				"CODE_SIGN_IDENTITY[sdk=iphoneos*]" = "iPhone Developer";
				INFOPLIST_FILE = diaFit/Info.plist;
				LD_RUNPATH_SEARCH_PATHS = "$(inherited) @executable_path/Frameworks";
				PRODUCT_BUNDLE_IDENTIFIER = com.uf.diafitApp;
				PRODUCT_NAME = "$(TARGET_NAME)";
				PROVISIONING_PROFILE = "";
				SWIFT_VERSION = 3.0;
			};
			name = Debug;
		};
		DE9C612C1CB6B09C00E046FB /* Release */ = {
			isa = XCBuildConfiguration;
			baseConfigurationReference = F1A61BBB9786E9905357BDF9 /* Pods-diaFit.release.xcconfig */;
			buildSettings = {
				ALWAYS_EMBED_SWIFT_STANDARD_LIBRARIES = YES;
				ASSETCATALOG_COMPILER_APPICON_NAME = AppIcon;
				CODE_SIGN_ENTITLEMENTS = diaFit/diaFit.entitlements;
				CODE_SIGN_IDENTITY = "iPhone Developer";
				"CODE_SIGN_IDENTITY[sdk=iphoneos*]" = "iPhone Developer";
				INFOPLIST_FILE = diaFit/Info.plist;
				LD_RUNPATH_SEARCH_PATHS = "$(inherited) @executable_path/Frameworks";
				PRODUCT_BUNDLE_IDENTIFIER = com.uf.diafitApp;
				PRODUCT_NAME = "$(TARGET_NAME)";
				PROVISIONING_PROFILE = "";
				SWIFT_VERSION = 3.0;
			};
			name = Release;
		};
/* End XCBuildConfiguration section */

/* Begin XCConfigurationList section */
		DE9C61131CB6B09C00E046FB /* Build configuration list for PBXProject "diaFit" */ = {
			isa = XCConfigurationList;
			buildConfigurations = (
				DE9C61281CB6B09C00E046FB /* Debug */,
				DE9C61291CB6B09C00E046FB /* Release */,
			);
			defaultConfigurationIsVisible = 0;
			defaultConfigurationName = Release;
		};
		DE9C612A1CB6B09C00E046FB /* Build configuration list for PBXNativeTarget "diaFit" */ = {
			isa = XCConfigurationList;
			buildConfigurations = (
				DE9C612B1CB6B09C00E046FB /* Debug */,
				DE9C612C1CB6B09C00E046FB /* Release */,
			);
			defaultConfigurationIsVisible = 0;
			defaultConfigurationName = Release;
		};
/* End XCConfigurationList section */
	};
	rootObject = DE9C61101CB6B09C00E046FB /* Project object */;
}
